
Microsoft Visual Studio Solution File, Format Version 11.00
# Visual Studio 2010
Project("{FAE04EC0-301F-11D3-BF4B-00C04F79EFBC}") = "AForge.AdditionalFilters", "AForge.AdditionalFilters\AForge.AdditionalFilters.csproj", "{309F5A5A-EFB0-4F82-9A1A-3E7F63BBAB58}"
EndProject
Project("{FAE04EC0-301F-11D3-BF4B-00C04F79EFBC}") = "ContourEditor", "ContourEditor\ContourEditor.csproj", "{B80EDCFB-E38F-4368-ABA2-94E5E015A5DA}"
EndProject
Project("{FAE04EC0-301F-11D3-BF4B-00C04F79EFBC}") = "ContourAnalysis.Core", "ContourAnalysis.Core\ContourAnalysis.Core.csproj", "{7DFF1BBB-8D51-45C4-840F-7114B22143D5}"
EndProject
Project("{F088123C-0E9E-452A-89E6-6BA2F21D5CAC}") = "ModelingProject", "ModelingProject\ModelingProject.modelproj", "{9DC046BF-894F-434F-9009-2822B460164C}"
EndProject
Project("{FAE04EC0-301F-11D3-BF4B-00C04F79EFBC}") = "ContourAnalysis.Extraction", "ContourAnalysis.Extraction\ContourAnalysis.Extraction.csproj", "{CE0B603C-0E0C-4686-A1CD-6186A815C12A}"
EndProject
Project("{FAE04EC0-301F-11D3-BF4B-00C04F79EFBC}") = "ContourAnalysis", "ContourAnalysis\ContourAnalysis.csproj", "{D522AC8A-D1FD-4A14-9F1F-C47883A65521}"
EndProject
Project("{FAE04EC0-301F-11D3-BF4B-00C04F79EFBC}") = "OpenCVWithWPFBackEnd", "OpenCVWithWPFBackEnd\OpenCVWithWPFBackEnd.csproj", "{9A5DF376-ED20-44D8-93DA-4E90E68250D4}"
EndProject
Project("{FAE04EC0-301F-11D3-BF4B-00C04F79EFBC}") = "ContoursControlLibrary", "ContoursControlLibrary\ContoursControlLibrary.csproj", "{438493EC-E424-41E8-9968-AAAE902061C4}"
EndProject
Global
	GlobalSection(SolutionConfigurationPlatforms) = preSolution
		Debug|Any CPU = Debug|Any CPU
		Debug|Mixed Platforms = Debug|Mixed Platforms
		Debug|x86 = Debug|x86
		Release|Any CPU = Release|Any CPU
		Release|Mixed Platforms = Release|Mixed Platforms
		Release|x86 = Release|x86
	EndGlobalSection
	GlobalSection(ProjectConfigurationPlatforms) = postSolution
		{309F5A5A-EFB0-4F82-9A1A-3E7F63BBAB58}.Debug|Any CPU.ActiveCfg = Debug|Any CPU
		{309F5A5A-EFB0-4F82-9A1A-3E7F63BBAB58}.Debug|Any CPU.Build.0 = Debug|Any CPU
		{309F5A5A-EFB0-4F82-9A1A-3E7F63BBAB58}.Debug|Mixed Platforms.ActiveCfg = Debug|Any CPU
		{309F5A5A-EFB0-4F82-9A1A-3E7F63BBAB58}.Debug|Mixed Platforms.Build.0 = Debug|Any CPU
		{309F5A5A-EFB0-4F82-9A1A-3E7F63BBAB58}.Debug|x86.ActiveCfg = Debug|Any CPU
		{309F5A5A-EFB0-4F82-9A1A-3E7F63BBAB58}.Release|Any CPU.ActiveCfg = Release|Any CPU
		{309F5A5A-EFB0-4F82-9A1A-3E7F63BBAB58}.Release|Any CPU.Build.0 = Release|Any CPU
		{309F5A5A-EFB0-4F82-9A1A-3E7F63BBAB58}.Release|Mixed Platforms.ActiveCfg = Release|Any CPU
		{309F5A5A-EFB0-4F82-9A1A-3E7F63BBAB58}.Release|Mixed Platforms.Build.0 = Release|Any CPU
		{309F5A5A-EFB0-4F82-9A1A-3E7F63BBAB58}.Release|x86.ActiveCfg = Release|Any CPU
		{B80EDCFB-E38F-4368-ABA2-94E5E015A5DA}.Debug|Any CPU.ActiveCfg = Debug|x86
		{B80EDCFB-E38F-4368-ABA2-94E5E015A5DA}.Debug|Mixed Platforms.ActiveCfg = Debug|x86
		{B80EDCFB-E38F-4368-ABA2-94E5E015A5DA}.Debug|Mixed Platforms.Build.0 = Debug|x86
		{B80EDCFB-E38F-4368-ABA2-94E5E015A5DA}.Debug|x86.ActiveCfg = Debug|x86
		{B80EDCFB-E38F-4368-ABA2-94E5E015A5DA}.Debug|x86.Build.0 = Debug|x86
		{B80EDCFB-E38F-4368-ABA2-94E5E015A5DA}.Release|Any CPU.ActiveCfg = Release|x86
		{B80EDCFB-E38F-4368-ABA2-94E5E015A5DA}.Release|Mixed Platforms.ActiveCfg = Release|x86
		{B80EDCFB-E38F-4368-ABA2-94E5E015A5DA}.Release|Mixed Platforms.Build.0 = Release|x86
		{B80EDCFB-E38F-4368-ABA2-94E5E015A5DA}.Release|x86.ActiveCfg = Release|x86
		{B80EDCFB-E38F-4368-ABA2-94E5E015A5DA}.Release|x86.Build.0 = Release|x86
		{7DFF1BBB-8D51-45C4-840F-7114B22143D5}.Debug|Any CPU.ActiveCfg = Debug|Any CPU
		{7DFF1BBB-8D51-45C4-840F-7114B22143D5}.Debug|Any CPU.Build.0 = Debug|Any CPU
		{7DFF1BBB-8D51-45C4-840F-7114B22143D5}.Debug|Mixed Platforms.ActiveCfg = Debug|Any CPU
		{7DFF1BBB-8D51-45C4-840F-7114B22143D5}.Debug|Mixed Platforms.Build.0 = Debug|Any CPU
		{7DFF1BBB-8D51-45C4-840F-7114B22143D5}.Debug|x86.ActiveCfg = Debug|Any CPU
		{7DFF1BBB-8D51-45C4-840F-7114B22143D5}.Release|Any CPU.ActiveCfg = Release|Any CPU
		{7DFF1BBB-8D51-45C4-840F-7114B22143D5}.Release|Any CPU.Build.0 = Release|Any CPU
		{7DFF1BBB-8D51-45C4-840F-7114B22143D5}.Release|Mixed Platforms.ActiveCfg = Release|Any CPU
		{7DFF1BBB-8D51-45C4-840F-7114B22143D5}.Release|Mixed Platforms.Build.0 = Release|Any CPU
		{7DFF1BBB-8D51-45C4-840F-7114B22143D5}.Release|x86.ActiveCfg = Release|Any CPU
		{9DC046BF-894F-434F-9009-2822B460164C}.Debug|Any CPU.ActiveCfg = Debug|Any CPU
		{9DC046BF-894F-434F-9009-2822B460164C}.Debug|Any CPU.Build.0 = Debug|Any CPU
		{9DC046BF-894F-434F-9009-2822B460164C}.Debug|Mixed Platforms.ActiveCfg = Debug|Any CPU
		{9DC046BF-894F-434F-9009-2822B460164C}.Debug|Mixed Platforms.Build.0 = Debug|Any CPU
		{9DC046BF-894F-434F-9009-2822B460164C}.Debug|x86.ActiveCfg = Debug|Any CPU
		{9DC046BF-894F-434F-9009-2822B460164C}.Release|Any CPU.ActiveCfg = Release|Any CPU
		{9DC046BF-894F-434F-9009-2822B460164C}.Release|Any CPU.Build.0 = Release|Any CPU
		{9DC046BF-894F-434F-9009-2822B460164C}.Release|Mixed Platforms.ActiveCfg = Release|Any CPU
		{9DC046BF-894F-434F-9009-2822B460164C}.Release|Mixed Platforms.Build.0 = Release|Any CPU
		{9DC046BF-894F-434F-9009-2822B460164C}.Release|x86.ActiveCfg = Release|Any CPU
		{CE0B603C-0E0C-4686-A1CD-6186A815C12A}.Debug|Any CPU.ActiveCfg = Debug|Any CPU
		{CE0B603C-0E0C-4686-A1CD-6186A815C12A}.Debug|Any CPU.Build.0 = Debug|Any CPU
		{CE0B603C-0E0C-4686-A1CD-6186A815C12A}.Debug|Mixed Platforms.ActiveCfg = Debug|Any CPU
		{CE0B603C-0E0C-4686-A1CD-6186A815C12A}.Debug|Mixed Platforms.Build.0 = Debug|Any CPU
		{CE0B603C-0E0C-4686-A1CD-6186A815C12A}.Debug|x86.ActiveCfg = Debug|Any CPU
		{CE0B603C-0E0C-4686-A1CD-6186A815C12A}.Release|Any CPU.ActiveCfg = Release|Any CPU
		{CE0B603C-0E0C-4686-A1CD-6186A815C12A}.Release|Any CPU.Build.0 = Release|Any CPU
		{CE0B603C-0E0C-4686-A1CD-6186A815C12A}.Release|Mixed Platforms.ActiveCfg = Release|Any CPU
		{CE0B603C-0E0C-4686-A1CD-6186A815C12A}.Release|Mixed Platforms.Build.0 = Release|Any CPU
		{CE0B603C-0E0C-4686-A1CD-6186A815C12A}.Release|x86.ActiveCfg = Release|Any CPU
		{D522AC8A-D1FD-4A14-9F1F-C47883A65521}.Debug|Any CPU.ActiveCfg = Debug|x86
		{D522AC8A-D1FD-4A14-9F1F-C47883A65521}.Debug|Mixed Platforms.ActiveCfg = Debug|x86
		{D522AC8A-D1FD-4A14-9F1F-C47883A65521}.Debug|Mixed Platforms.Build.0 = Debug|x86
		{D522AC8A-D1FD-4A14-9F1F-C47883A65521}.Debug|x86.ActiveCfg = Debug|x86
		{D522AC8A-D1FD-4A14-9F1F-C47883A65521}.Debug|x86.Build.0 = Debug|x86
		{D522AC8A-D1FD-4A14-9F1F-C47883A65521}.Release|Any CPU.ActiveCfg = Release|x86
		{D522AC8A-D1FD-4A14-9F1F-C47883A65521}.Release|Mixed Platforms.ActiveCfg = Release|x86
		{D522AC8A-D1FD-4A14-9F1F-C47883A65521}.Release|Mixed Platforms.Build.0 = Release|x86
		{D522AC8A-D1FD-4A14-9F1F-C47883A65521}.Release|x86.ActiveCfg = Release|x86
		{D522AC8A-D1FD-4A14-9F1F-C47883A65521}.Release|x86.Build.0 = Release|x86
		{9A5DF376-ED20-44D8-93DA-4E90E68250D4}.Debug|Any CPU.ActiveCfg = Debug|x86
		{9A5DF376-ED20-44D8-93DA-4E90E68250D4}.Debug|Mixed Platforms.ActiveCfg = Debug|x86
		{9A5DF376-ED20-44D8-93DA-4E90E68250D4}.Debug|Mixed Platforms.Build.0 = Debug|x86
		{9A5DF376-ED20-44D8-93DA-4E90E68250D4}.Debug|x86.ActiveCfg = Debug|x86
		{9A5DF376-ED20-44D8-93DA-4E90E68250D4}.Debug|x86.Build.0 = Debug|x86
		{9A5DF376-ED20-44D8-93DA-4E90E68250D4}.Release|Any CPU.ActiveCfg = Release|x86
		{9A5DF376-ED20-44D8-93DA-4E90E68250D4}.Release|Mixed Platforms.ActiveCfg = Release|x86
		{9A5DF376-ED20-44D8-93DA-4E90E68250D4}.Release|Mixed Platforms.Build.0 = Release|x86
		{9A5DF376-ED20-44D8-93DA-4E90E68250D4}.Release|x86.ActiveCfg = Release|x86
		{9A5DF376-ED20-44D8-93DA-4E90E68250D4}.Release|x86.Build.0 = Release|x86
		{438493EC-E424-41E8-9968-AAAE902061C4}.Debug|Any CPU.ActiveCfg = Debug|Any CPU
		{438493EC-E424-41E8-9968-AAAE902061C4}.Debug|Any CPU.Build.0 = Debug|Any CPU
		{438493EC-E424-41E8-9968-AAAE902061C4}.Debug|Mixed Platforms.ActiveCfg = Debug|Any CPU
		{438493EC-E424-41E8-9968-AAAE902061C4}.Debug|Mixed Platforms.Build.0 = Debug|Any CPU
		{438493EC-E424-41E8-9968-AAAE902061C4}.Debug|x86.ActiveCfg = Debug|Any CPU
		{438493EC-E424-41E8-9968-AAAE902061C4}.Release|Any CPU.ActiveCfg = Release|Any CPU
		{438493EC-E424-41E8-9968-AAAE902061C4}.Release|Any CPU.Build.0 = Release|Any CPU
		{438493EC-E424-41E8-9968-AAAE902061C4}.Release|Mixed Platforms.ActiveCfg = Release|Any CPU
		{438493EC-E424-41E8-9968-AAAE902061C4}.Release|Mixed Platforms.Build.0 = Release|Any CPU
		{438493EC-E424-41E8-9968-AAAE902061C4}.Release|x86.ActiveCfg = Release|Any CPU
	EndGlobalSection
	GlobalSection(SolutionProperties) = preSolution
		HideSolutionNode = FALSE
	EndGlobalSection
EndGlobal
